
Microsoft Visual Studio Solution File, Format Version 12.00
# Visual Studio Version 17
VisualStudioVersion = 17.10.0.0
MinimumVisualStudioVersion = 10.0.40219.1
Project("{FAE04EC0-301F-11D3-BF4B-00C04F79EFBC}") = "UsageMonitor.Core", "src\UsageMonitor.Core\UsageMonitor.Core.csproj", "{A1B2C3D4-1234-5678-9ABC-DEF012345678}"
EndProject
Project("{FAE04EC0-301F-11D3-BF4B-00C04F79EFBC}") = "UsageMonitor.App", "src\UsageMonitor.App\UsageMonitor.App.csproj", "{B2C3D4E5-2345-6789-ABCD-EF0123456789}"
EndProject
Project("{FAE04EC0-301F-11D3-BF4B-00C04F79EFBC}") = "UsageMonitor.Plugin.Deepseek", "src\Plugins\UsageMonitor.Plugin.Deepseek\UsageMonitor.Plugin.Deepseek.csproj", "{C3D4E5F6-3456-789A-BCDE-F01234567890}"
EndProject
Project("{FAE04EC0-301F-11D3-BF4B-00C04F79EFBC}") = "UsageMonitor.Plugin.MiMo", "src\Plugins\UsageMonitor.Plugin.MiMo\UsageMonitor.Plugin.MiMo.csproj", "{D4E5F6A7-4567-89AB-CDEF-012345678901}"
EndProject
Project("{FAE04EC0-301F-11D3-BF4B-00C04F79EFBC}") = "UsageMonitor.Plugin.OpenAI", "src\Plugins\UsageMonitor.Plugin.OpenAI\UsageMonitor.Plugin.OpenAI.csproj", "{E5F6A7B8-5678-9ABC-DEF0-123456789012}"
EndProject
Project("{FAE04EC0-301F-11D3-BF4B-00C04F79EFBC}") = "UsageMonitor.Plugin.MiniMax", "src\Plugins\UsageMonitor.Plugin.MiniMax\UsageMonitor.Plugin.MiniMax.csproj", "{F7A8B9C0-7890-BCDE-F012-345678901234}"
EndProject
Project("{2150E333-8FDC-42A3-9474-1A3956D46DE8}") = "Plugins", "Plugins", "{F6A7B8C9-6789-ABCD-EF01-234567890123}"
EndProject
Project("{2150E333-8FDC-42A3-9474-1A3956D46DE8}") = "src", "src", "{9C302356-80DC-42FD-9244-A42C2BA0C050}"
EndProject
Project("{FAE04EC0-301F-11D3-BF4B-00C04F79EFBC}") = "UsageMonitor.LoginHelper", "src\LoginHelper\UsageMonitor.LoginHelper.csproj", "{15ED0ABF-BB53-4249-B4F6-D49978F7912C}"
EndProject
Project("{2150E333-8FDC-42A3-9474-1A3956D46DE8}") = "Plugins", "Plugins", "{1EA8016A-A084-47AB-8D0E-FDF2BE126037}"
EndProject
Project("{FAE04EC0-301F-11D3-BF4B-00C04F79EFBC}") = "UsageMonitor.Plugin.Kimi", "src\Plugins\UsageMonitor.Plugin.Kimi\UsageMonitor.Plugin.Kimi.csproj", "{417DD533-E23C-41C7-91DD-1FE95C230BC2}"
EndProject
Project("{FAE04EC0-301F-11D3-BF4B-00C04F79EFBC}") = "UsageMonitor.Plugin.Qoder", "src\Plugins\UsageMonitor.Plugin.Qoder\UsageMonitor.Plugin.Qoder.csproj", "{455802C4-96BC-46E2-A655-C99B662A0F07}"
EndProject
Global
	GlobalSection(SolutionConfigurationPlatforms) = preSolution
		Debug|Any CPU = Debug|Any CPU
		Release|Any CPU = Release|Any CPU
	EndGlobalSection
	GlobalSection(ProjectConfigurationPlatforms) = postSolution
		{A1B2C3D4-1234-5678-9ABC-DEF012345678}.Debug|Any CPU.ActiveCfg = Debug|Any CPU
		{A1B2C3D4-1234-5678-9ABC-DEF012345678}.Debug|Any CPU.Build.0 = Debug|Any CPU
		{A1B2C3D4-1234-5678-9ABC-DEF012345678}.Release|Any CPU.ActiveCfg = Release|Any CPU
		{A1B2C3D4-1234-5678-9ABC-DEF012345678}.Release|Any CPU.Build.0 = Release|Any CPU
		{B2C3D4E5-2345-6789-ABCD-EF0123456789}.Debug|Any CPU.ActiveCfg = Debug|Any CPU
		{B2C3D4E5-2345-6789-ABCD-EF0123456789}.Debug|Any CPU.Build.0 = Debug|Any CPU
		{B2C3D4E5-2345-6789-ABCD-EF0123456789}.Release|Any CPU.ActiveCfg = Release|Any CPU
		{B2C3D4E5-2345-6789-ABCD-EF0123456789}.Release|Any CPU.Build.0 = Release|Any CPU
		{C3D4E5F6-3456-789A-BCDE-F01234567890}.Debug|Any CPU.ActiveCfg = Debug|Any CPU
		{C3D4E5F6-3456-789A-BCDE-F01234567890}.Debug|Any CPU.Build.0 = Debug|Any CPU
		{C3D4E5F6-3456-789A-BCDE-F01234567890}.Release|Any CPU.ActiveCfg = Release|Any CPU
		{C3D4E5F6-3456-789A-BCDE-F01234567890}.Release|Any CPU.Build.0 = Release|Any CPU
		{D4E5F6A7-4567-89AB-CDEF-012345678901}.Debug|Any CPU.ActiveCfg = Debug|Any CPU
		{D4E5F6A7-4567-89AB-CDEF-012345678901}.Debug|Any CPU.Build.0 = Debug|Any CPU
		{D4E5F6A7-4567-89AB-CDEF-012345678901}.Release|Any CPU.ActiveCfg = Release|Any CPU
		{D4E5F6A7-4567-89AB-CDEF-012345678901}.Release|Any CPU.Build.0 = Release|Any CPU
		{E5F6A7B8-5678-9ABC-DEF0-123456789012}.Debug|Any CPU.ActiveCfg = Debug|Any CPU
		{E5F6A7B8-5678-9ABC-DEF0-123456789012}.Debug|Any CPU.Build.0 = Debug|Any CPU
		{E5F6A7B8-5678-9ABC-DEF0-123456789012}.Release|Any CPU.ActiveCfg = Release|Any CPU
		{E5F6A7B8-5678-9ABC-DEF0-123456789012}.Release|Any CPU.Build.0 = Release|Any CPU
		{F7A8B9C0-7890-BCDE-F012-345678901234}.Debug|Any CPU.ActiveCfg = Debug|Any CPU
		{F7A8B9C0-7890-BCDE-F012-345678901234}.Debug|Any CPU.Build.0 = Debug|Any CPU
		{F7A8B9C0-7890-BCDE-F012-345678901234}.Release|Any CPU.ActiveCfg = Release|Any CPU
		{F7A8B9C0-7890-BCDE-F012-345678901234}.Release|Any CPU.Build.0 = Release|Any CPU
		{15ED0ABF-BB53-4249-B4F6-D49978F7912C}.Debug|Any CPU.ActiveCfg = Debug|Any CPU
		{15ED0ABF-BB53-4249-B4F6-D49978F7912C}.Debug|Any CPU.Build.0 = Debug|Any CPU
		{15ED0ABF-BB53-4249-B4F6-D49978F7912C}.Release|Any CPU.ActiveCfg = Release|Any CPU
		{15ED0ABF-BB53-4249-B4F6-D49978F7912C}.Release|Any CPU.Build.0 = Release|Any CPU
		{417DD533-E23C-41C7-91DD-1FE95C230BC2}.Debug|Any CPU.ActiveCfg = Debug|Any CPU
		{417DD533-E23C-41C7-91DD-1FE95C230BC2}.Debug|Any CPU.Build.0 = Debug|Any CPU
		{417DD533-E23C-41C7-91DD-1FE95C230BC2}.Release|Any CPU.ActiveCfg = Release|Any CPU
		{417DD533-E23C-41C7-91DD-1FE95C230BC2}.Release|Any CPU.Build.0 = Release|Any CPU
		{455802C4-96BC-46E2-A655-C99B662A0F07}.Debug|Any CPU.ActiveCfg = Debug|Any CPU
		{455802C4-96BC-46E2-A655-C99B662A0F07}.Debug|Any CPU.Build.0 = Debug|Any CPU
		{455802C4-96BC-46E2-A655-C99B662A0F07}.Release|Any CPU.ActiveCfg = Release|Any CPU
		{455802C4-96BC-46E2-A655-C99B662A0F07}.Release|Any CPU.Build.0 = Release|Any CPU
	EndGlobalSection
	GlobalSection(NestedProjects) = preSolution
		{C3D4E5F6-3456-789A-BCDE-F01234567890} = {F6A7B8C9-6789-ABCD-EF01-234567890123}
		{D4E5F6A7-4567-89AB-CDEF-012345678901} = {F6A7B8C9-6789-ABCD-EF01-234567890123}
		{E5F6A7B8-5678-9ABC-DEF0-123456789012} = {F6A7B8C9-6789-ABCD-EF01-234567890123}
		{F7A8B9C0-7890-BCDE-F012-345678901234} = {F6A7B8C9-6789-ABCD-EF01-234567890123}
		{15ED0ABF-BB53-4249-B4F6-D49978F7912C} = {9C302356-80DC-42FD-9244-A42C2BA0C050}
		{1EA8016A-A084-47AB-8D0E-FDF2BE126037} = {9C302356-80DC-42FD-9244-A42C2BA0C050}
		{417DD533-E23C-41C7-91DD-1FE95C230BC2} = {1EA8016A-A084-47AB-8D0E-FDF2BE126037}
		{455802C4-96BC-46E2-A655-C99B662A0F07} = {1EA8016A-A084-47AB-8D0E-FDF2BE126037}
	EndGlobalSection
EndGlobal
